
Microsoft Visual Studio Solution File, Format Version 12.00
# Visual Studio Version 17
VisualStudioVersion = 17.3.32922.545
MinimumVisualStudioVersion = 10.0.40219.1
Project("{F2A71F9B-5D33-465A-A702-920D77279786}") = "FSharpLearning", "FSharpLearning\FSharpLearning.fsproj", "{EA344221-9875-40D4-9A2F-E626A93C7F84}"
EndProject
Global
	GlobalSection(SolutionConfigurationPlatforms) = preSolution
		Debug|Any CPU = Debug|Any CPU
		Release|Any CPU = Release|Any CPU
	EndGlobalSection
	GlobalSection(ProjectConfigurationPlatforms) = postSolution
		{EA344221-9875-40D4-9A2F-E626A93C7F84}.Debug|Any CPU.ActiveCfg = Debug|Any CPU
		{EA344221-9875-40D4-9A2F-E626A93C7F84}.Debug|Any CPU.Build.0 = Debug|Any CPU
		{EA344221-9875-40D4-9A2F-E626A93C7F84}.Release|Any CPU.ActiveCfg = Release|Any CPU
		{EA344221-9875-40D4-9A2F-E626A93C7F84}.Release|Any CPU.Build.0 = Release|Any CPU
	EndGlobalSection
	GlobalSection(SolutionProperties) = preSolution
		HideSolutionNode = FALSE
	EndGlobalSection
	GlobalSection(ExtensibilityGlobals) = postSolution
		SolutionGuid = {6E3B36B1-3AEE-4CBD-AE37-7ADF142FD3F7}
	EndGlobalSection
EndGlobal
